
Microsoft Visual Studio Solution File, Format Version 12.00
# Visual Studio Version 17
VisualStudioVersion = 17.2.32616.157
MinimumVisualStudioVersion = 10.0.40219.1
Project("{9A19103F-16F7-4668-BE54-9A1E7A4F7556}") = "MarsQAspecflow1", "MarsQAKavithaspecfloe1\MarsQAspecflow1.csproj", "{0321A504-7229-4064-A994-8458CA466479}"
EndProject
Global
	GlobalSection(SolutionConfigurationPlatforms) = preSolution
		Debug|Any CPU = Debug|Any CPU
		Release|Any CPU = Release|Any CPU
	EndGlobalSection
	GlobalSection(ProjectConfigurationPlatforms) = postSolution
		{0321A504-7229-4064-A994-8458CA466479}.Debug|Any CPU.ActiveCfg = Debug|Any CPU
		{0321A504-7229-4064-A994-8458CA466479}.Debug|Any CPU.Build.0 = Debug|Any CPU
		{0321A504-7229-4064-A994-8458CA466479}.Release|Any CPU.ActiveCfg = Release|Any CPU
		{0321A504-7229-4064-A994-8458CA466479}.Release|Any CPU.Build.0 = Release|Any CPU
	EndGlobalSection
	GlobalSection(SolutionProperties) = preSolution
		HideSolutionNode = FALSE
	EndGlobalSection
	GlobalSection(ExtensibilityGlobals) = postSolution
		SolutionGuid = {725CBBD2-92E4-4D94-A41D-1086A4330CF2}
	EndGlobalSection
EndGlobal
